
Microsoft Visual Studio Solution File, Format Version 12.00
# Visual Studio Version 17
VisualStudioVersion = 17.14.36408.4 d17.14
MinimumVisualStudioVersion = 10.0.40219.1
Project("{FAE04EC0-301F-11D3-BF4B-00C04F79EFBC}") = "Obeli_K", "Obeli_K.csproj", "{93B0AB11-599B-473E-826A-F2E0B1195C8C}"
EndProject
Global
	GlobalSection(SolutionConfigurationPlatforms) = preSolution
		Debug|Any CPU = Debug|Any CPU
		Release|Any CPU = Release|Any CPU
	EndGlobalSection
	GlobalSection(ProjectConfigurationPlatforms) = postSolution
		{93B0AB11-599B-473E-826A-F2E0B1195C8C}.Debug|Any CPU.ActiveCfg = Debug|Any CPU
		{93B0AB11-599B-473E-826A-F2E0B1195C8C}.Debug|Any CPU.Build.0 = Debug|Any CPU
		{93B0AB11-599B-473E-826A-F2E0B1195C8C}.Release|Any CPU.ActiveCfg = Release|Any CPU
		{93B0AB11-599B-473E-826A-F2E0B1195C8C}.Release|Any CPU.Build.0 = Release|Any CPU
	EndGlobalSection
	GlobalSection(SolutionProperties) = preSolution
		HideSolutionNode = FALSE
	EndGlobalSection
	GlobalSection(ExtensibilityGlobals) = postSolution
		SolutionGuid = {C868CC4C-3E13-41E9-9104-91297F4CB387}
	EndGlobalSection
EndGlobal
